// !$*UTF8*$!
{
	archiveVersion = 1;
	classes = {
	};
	objectVersion = 50;
	objects = {

/* Begin PBXBuildFile section */
		047C6614210133C700A6C6D1 /* CustomPizzaViewController.swift in Sources */ = {isa = PBXBuildFile; fileRef = 047C6613210133C700A6C6D1 /* CustomPizzaViewController.swift */; };
		047C6616210133DF00A6C6D1 /* CartViewController.swift in Sources */ = {isa = PBXBuildFile; fileRef = 047C6615210133DF00A6C6D1 /* CartViewController.swift */; };
		047C66182101347600A6C6D1 /* DetailsViewController.swift in Sources */ = {isa = PBXBuildFile; fileRef = 047C66172101347600A6C6D1 /* DetailsViewController.swift */; };
		047C661A2101347D00A6C6D1 /* CheckoutViewController.swift in Sources */ = {isa = PBXBuildFile; fileRef = 047C66192101347D00A6C6D1 /* CheckoutViewController.swift */; };
		047C66202103997400A6C6D1 /* Pizza.swift in Sources */ = {isa = PBXBuildFile; fileRef = 047C661F2103997400A6C6D1 /* Pizza.swift */; };
		047C662221039C8100A6C6D1 /* LargePizza.swift in Sources */ = {isa = PBXBuildFile; fileRef = 047C662121039C8100A6C6D1 /* LargePizza.swift */; };
		047C662521039EB800A6C6D1 /* MediumPIzza.swift in Sources */ = {isa = PBXBuildFile; fileRef = 047C662421039EB800A6C6D1 /* MediumPIzza.swift */; };
		047C662721039F3900A6C6D1 /* SmallPIzza.swift in Sources */ = {isa = PBXBuildFile; fileRef = 047C662621039F3900A6C6D1 /* SmallPIzza.swift */; };
		047C662B21039FE400A6C6D1 /* PIzzaDecorator.swift in Sources */ = {isa = PBXBuildFile; fileRef = 047C662A21039FE400A6C6D1 /* PIzzaDecorator.swift */; };
		047C662D2103A3C900A6C6D1 /* Cheese.swift in Sources */ = {isa = PBXBuildFile; fileRef = 047C662C2103A3C900A6C6D1 /* Cheese.swift */; };
		047C662F2103A65300A6C6D1 /* Ham.swift in Sources */ = {isa = PBXBuildFile; fileRef = 047C662E2103A65300A6C6D1 /* Ham.swift */; };
		047C66312103A6B800A6C6D1 /* Peppers.swift in Sources */ = {isa = PBXBuildFile; fileRef = 047C66302103A6B800A6C6D1 /* Peppers.swift */; };
		047C66332103A91B00A6C6D1 /* Mushrooms.swift in Sources */ = {isa = PBXBuildFile; fileRef = 047C66322103A91B00A6C6D1 /* Mushrooms.swift */; };
		047C66352103B7BD00A6C6D1 /* PizzaName.swift in Sources */ = {isa = PBXBuildFile; fileRef = 047C66342103B7BD00A6C6D1 /* PizzaName.swift */; };
		047C66392103E69600A6C6D1 /* Cart.swift in Sources */ = {isa = PBXBuildFile; fileRef = 047C66382103E69600A6C6D1 /* Cart.swift */; };
		047C663C2104D82D00A6C6D1 /* PizzaFactory.swift in Sources */ = {isa = PBXBuildFile; fileRef = 047C663B2104D82D00A6C6D1 /* PizzaFactory.swift */; };
		047C663F2104DA0800A6C6D1 /* PizzaType.swift in Sources */ = {isa = PBXBuildFile; fileRef = 047C663E2104DA0800A6C6D1 /* PizzaType.swift */; };
		047C66412104E04E00A6C6D1 /* PizzaBuilder.swift in Sources */ = {isa = PBXBuildFile; fileRef = 047C66402104E04E00A6C6D1 /* PizzaBuilder.swift */; };
		047C66432104E1E300A6C6D1 /* PIzzaSize.swift in Sources */ = {isa = PBXBuildFile; fileRef = 047C66422104E1E300A6C6D1 /* PIzzaSize.swift */; };
		047C66452104F95600A6C6D1 /* PizzaIngredients.swift in Sources */ = {isa = PBXBuildFile; fileRef = 047C66442104F95600A6C6D1 /* PizzaIngredients.swift */; };
		04C287C92101163C00BC2A05 /* AppDelegate.swift in Sources */ = {isa = PBXBuildFile; fileRef = 04C287C82101163C00BC2A05 /* AppDelegate.swift */; };
		04C287CB2101163C00BC2A05 /* MenuViewController.swift in Sources */ = {isa = PBXBuildFile; fileRef = 04C287CA2101163C00BC2A05 /* MenuViewController.swift */; };
		04C287CE2101163D00BC2A05 /* Main.storyboard in Resources */ = {isa = PBXBuildFile; fileRef = 04C287CC2101163D00BC2A05 /* Main.storyboard */; };
		04C287D32101164100BC2A05 /* LaunchScreen.storyboard in Resources */ = {isa = PBXBuildFile; fileRef = 04C287D12101164100BC2A05 /* LaunchScreen.storyboard */; };
		04C287DD21011D4900BC2A05 /* Assets.xcassets in Resources */ = {isa = PBXBuildFile; fileRef = 04C287DC21011D4900BC2A05 /* Assets.xcassets */; };
/* End PBXBuildFile section */

/* Begin PBXFileReference section */
		047C6613210133C700A6C6D1 /* CustomPizzaViewController.swift */ = {isa = PBXFileReference; lastKnownFileType = sourcecode.swift; path = CustomPizzaViewController.swift; sourceTree = "<group>"; };
		047C6615210133DF00A6C6D1 /* CartViewController.swift */ = {isa = PBXFileReference; lastKnownFileType = sourcecode.swift; path = CartViewController.swift; sourceTree = "<group>"; };
		047C66172101347600A6C6D1 /* DetailsViewController.swift */ = {isa = PBXFileReference; lastKnownFileType = sourcecode.swift; path = DetailsViewController.swift; sourceTree = "<group>"; };
		047C66192101347D00A6C6D1 /* CheckoutViewController.swift */ = {isa = PBXFileReference; lastKnownFileType = sourcecode.swift; path = CheckoutViewController.swift; sourceTree = "<group>"; };
		047C661F2103997400A6C6D1 /* Pizza.swift */ = {isa = PBXFileReference; lastKnownFileType = sourcecode.swift; path = Pizza.swift; sourceTree = "<group>"; };
		047C662121039C8100A6C6D1 /* LargePizza.swift */ = {isa = PBXFileReference; lastKnownFileType = sourcecode.swift; path = LargePizza.swift; sourceTree = "<group>"; };
		047C662421039EB800A6C6D1 /* MediumPIzza.swift */ = {isa = PBXFileReference; lastKnownFileType = sourcecode.swift; path = MediumPIzza.swift; sourceTree = "<group>"; };
		047C662621039F3900A6C6D1 /* SmallPIzza.swift */ = {isa = PBXFileReference; lastKnownFileType = sourcecode.swift; path = SmallPIzza.swift; sourceTree = "<group>"; };
		047C662A21039FE400A6C6D1 /* PIzzaDecorator.swift */ = {isa = PBXFileReference; lastKnownFileType = sourcecode.swift; path = PIzzaDecorator.swift; sourceTree = "<group>"; };
		047C662C2103A3C900A6C6D1 /* Cheese.swift */ = {isa = PBXFileReference; lastKnownFileType = sourcecode.swift; path = Cheese.swift; sourceTree = "<group>"; };
		047C662E2103A65300A6C6D1 /* Ham.swift */ = {isa = PBXFileReference; lastKnownFileType = sourcecode.swift; path = Ham.swift; sourceTree = "<group>"; };
		047C66302103A6B800A6C6D1 /* Peppers.swift */ = {isa = PBXFileReference; lastKnownFileType = sourcecode.swift; path = Peppers.swift; sourceTree = "<group>"; };
		047C66322103A91B00A6C6D1 /* Mushrooms.swift */ = {isa = PBXFileReference; lastKnownFileType = sourcecode.swift; path = Mushrooms.swift; sourceTree = "<group>"; };
		047C66342103B7BD00A6C6D1 /* PizzaName.swift */ = {isa = PBXFileReference; lastKnownFileType = sourcecode.swift; path = PizzaName.swift; sourceTree = "<group>"; };
		047C66382103E69600A6C6D1 /* Cart.swift */ = {isa = PBXFileReference; lastKnownFileType = sourcecode.swift; path = Cart.swift; sourceTree = "<group>"; };
		047C663B2104D82D00A6C6D1 /* PizzaFactory.swift */ = {isa = PBXFileReference; lastKnownFileType = sourcecode.swift; path = PizzaFactory.swift; sourceTree = "<group>"; };
		047C663E2104DA0800A6C6D1 /* PizzaType.swift */ = {isa = PBXFileReference; lastKnownFileType = sourcecode.swift; path = PizzaType.swift; sourceTree = "<group>"; };
		047C66402104E04E00A6C6D1 /* PizzaBuilder.swift */ = {isa = PBXFileReference; lastKnownFileType = sourcecode.swift; path = PizzaBuilder.swift; sourceTree = "<group>"; };
		047C66422104E1E300A6C6D1 /* PIzzaSize.swift */ = {isa = PBXFileReference; lastKnownFileType = sourcecode.swift; path = PIzzaSize.swift; sourceTree = "<group>"; };
		047C66442104F95600A6C6D1 /* PizzaIngredients.swift */ = {isa = PBXFileReference; lastKnownFileType = sourcecode.swift; path = PizzaIngredients.swift; sourceTree = "<group>"; };
		04C287C52101163C00BC2A05 /* PizzaDelivery.app */ = {isa = PBXFileReference; explicitFileType = wrapper.application; includeInIndex = 0; path = PizzaDelivery.app; sourceTree = BUILT_PRODUCTS_DIR; };
		04C287C82101163C00BC2A05 /* AppDelegate.swift */ = {isa = PBXFileReference; lastKnownFileType = sourcecode.swift; path = AppDelegate.swift; sourceTree = "<group>"; };
		04C287CA2101163C00BC2A05 /* MenuViewController.swift */ = {isa = PBXFileReference; lastKnownFileType = sourcecode.swift; path = MenuViewController.swift; sourceTree = "<group>"; };
		04C287CD2101163D00BC2A05 /* Base */ = {isa = PBXFileReference; lastKnownFileType = file.storyboard; name = Base; path = Base.lproj/Main.storyboard; sourceTree = "<group>"; };
		04C287D22101164100BC2A05 /* Base */ = {isa = PBXFileReference; lastKnownFileType = file.storyboard; name = Base; path = Base.lproj/LaunchScreen.storyboard; sourceTree = "<group>"; };
		04C287D42101164100BC2A05 /* Info.plist */ = {isa = PBXFileReference; lastKnownFileType = text.plist.xml; path = Info.plist; sourceTree = "<group>"; };
		04C287DC21011D4900BC2A05 /* Assets.xcassets */ = {isa = PBXFileReference; lastKnownFileType = folder.assetcatalog; path = Assets.xcassets; sourceTree = "<group>"; };
/* End PBXFileReference section */

/* Begin PBXFrameworksBuildPhase section */
		04C287C22101163C00BC2A05 /* Frameworks */ = {
			isa = PBXFrameworksBuildPhase;
			buildActionMask = 2147483647;
			files = (
			);
			runOnlyForDeploymentPostprocessing = 0;
		};
/* End PBXFrameworksBuildPhase section */

/* Begin PBXGroup section */
		047C661C2101350C00A6C6D1 /* ViewControllers */ = {
			isa = PBXGroup;
			children = (
				04C287CA2101163C00BC2A05 /* MenuViewController.swift */,
				047C66172101347600A6C6D1 /* DetailsViewController.swift */,
				047C66192101347D00A6C6D1 /* CheckoutViewController.swift */,
				047C6613210133C700A6C6D1 /* CustomPizzaViewController.swift */,
				047C6615210133DF00A6C6D1 /* CartViewController.swift */,
			);
			path = ViewControllers;
			sourceTree = "<group>";
		};
		047C661D21013CFB00A6C6D1 /* Storyboards */ = {
			isa = PBXGroup;
			children = (
				04C287CC2101163D00BC2A05 /* Main.storyboard */,
				04C287D12101164100BC2A05 /* LaunchScreen.storyboard */,
			);
			path = Storyboards;
			sourceTree = "<group>";
		};
		047C661E2103995200A6C6D1 /* Models */ = {
			isa = PBXGroup;
			children = (
				047C662921039FCB00A6C6D1 /* ConcreteDecorators */,
				047C662821039FC400A6C6D1 /* Decorator */,
				047C661F2103997400A6C6D1 /* Pizza.swift */,
				047C662321039C8A00A6C6D1 /* ConcreteComponents */,
				047C66382103E69600A6C6D1 /* Cart.swift */,
			);
			path = Models;
			sourceTree = "<group>";
		};
		047C662321039C8A00A6C6D1 /* ConcreteComponents */ = {
			isa = PBXGroup;
			children = (
				047C662121039C8100A6C6D1 /* LargePizza.swift */,
				047C662421039EB800A6C6D1 /* MediumPIzza.swift */,
				047C662621039F3900A6C6D1 /* SmallPIzza.swift */,
			);
			path = ConcreteComponents;
			sourceTree = "<group>";
		};
		047C662821039FC400A6C6D1 /* Decorator */ = {
			isa = PBXGroup;
			children = (
				047C662A21039FE400A6C6D1 /* PIzzaDecorator.swift */,
			);
			path = Decorator;
			sourceTree = "<group>";
		};
		047C662921039FCB00A6C6D1 /* ConcreteDecorators */ = {
			isa = PBXGroup;
			children = (
				047C662C2103A3C900A6C6D1 /* Cheese.swift */,
				047C662E2103A65300A6C6D1 /* Ham.swift */,
				047C66302103A6B800A6C6D1 /* Peppers.swift */,
				047C66322103A91B00A6C6D1 /* Mushrooms.swift */,
				047C66342103B7BD00A6C6D1 /* PizzaName.swift */,
			);
			path = ConcreteDecorators;
			sourceTree = "<group>";
		};
		047C663A2104D80300A6C6D1 /* Infrastructure */ = {
			isa = PBXGroup;
			children = (
				047C663B2104D82D00A6C6D1 /* PizzaFactory.swift */,
				047C66402104E04E00A6C6D1 /* PizzaBuilder.swift */,
			);
			path = Infrastructure;
			sourceTree = "<group>";
		};
		047C663D2104D9E700A6C6D1 /* Enums */ = {
			isa = PBXGroup;
			children = (
				047C663E2104DA0800A6C6D1 /* PizzaType.swift */,
				047C66422104E1E300A6C6D1 /* PIzzaSize.swift */,
				047C66442104F95600A6C6D1 /* PizzaIngredients.swift */,
			);
			path = Enums;
			sourceTree = "<group>";
		};
		04C287BC2101163C00BC2A05 = {
			isa = PBXGroup;
			children = (
				04C287C72101163C00BC2A05 /* PizzaDelivery */,
				04C287C62101163C00BC2A05 /* Products */,
			);
			sourceTree = "<group>";
		};
		04C287C62101163C00BC2A05 /* Products */ = {
			isa = PBXGroup;
			children = (
				04C287C52101163C00BC2A05 /* PizzaDelivery.app */,
			);
			name = Products;
			sourceTree = "<group>";
		};
		04C287C72101163C00BC2A05 /* PizzaDelivery */ = {
			isa = PBXGroup;
			children = (
				047C663D2104D9E700A6C6D1 /* Enums */,
				047C663A2104D80300A6C6D1 /* Infrastructure */,
				047C661E2103995200A6C6D1 /* Models */,
				047C661C2101350C00A6C6D1 /* ViewControllers */,
				04C287C82101163C00BC2A05 /* AppDelegate.swift */,
				047C661D21013CFB00A6C6D1 /* Storyboards */,
				04C287DC21011D4900BC2A05 /* Assets.xcassets */,
				04C287D42101164100BC2A05 /* Info.plist */,
			);
			path = PizzaDelivery;
			sourceTree = "<group>";
		};
/* End PBXGroup section */

/* Begin PBXNativeTarget section */
		04C287C42101163C00BC2A05 /* PizzaDelivery */ = {
			isa = PBXNativeTarget;
			buildConfigurationList = 04C287D72101164100BC2A05 /* Build configuration list for PBXNativeTarget "PizzaDelivery" */;
			buildPhases = (
				04C287C12101163C00BC2A05 /* Sources */,
				04C287C22101163C00BC2A05 /* Frameworks */,
				04C287C32101163C00BC2A05 /* Resources */,
			);
			buildRules = (
			);
			dependencies = (
			);
			name = PizzaDelivery;
			productName = PizzaDelivery;
			productReference = 04C287C52101163C00BC2A05 /* PizzaDelivery.app */;
			productType = "com.apple.product-type.application";
		};
/* End PBXNativeTarget section */

/* Begin PBXProject section */
		04C287BD2101163C00BC2A05 /* Project object */ = {
			isa = PBXProject;
			attributes = {
				LastSwiftUpdateCheck = 1000;
				LastUpgradeCheck = 1000;
				ORGANIZATIONNAME = "Nikola Bojkovic";
				TargetAttributes = {
					04C287C42101163C00BC2A05 = {
						CreatedOnToolsVersion = 10.0;
					};
				};
			};
			buildConfigurationList = 04C287C02101163C00BC2A05 /* Build configuration list for PBXProject "PizzaDelivery" */;
			compatibilityVersion = "Xcode 9.3";
			developmentRegion = en;
			hasScannedForEncodings = 0;
			knownRegions = (
				en,
				Base,
			);
			mainGroup = 04C287BC2101163C00BC2A05;
			productRefGroup = 04C287C62101163C00BC2A05 /* Products */;
			projectDirPath = "";
			projectRoot = "";
			targets = (
				04C287C42101163C00BC2A05 /* PizzaDelivery */,
			);
		};
/* End PBXProject section */

/* Begin PBXResourcesBuildPhase section */
		04C287C32101163C00BC2A05 /* Resources */ = {
			isa = PBXResourcesBuildPhase;
			buildActionMask = 2147483647;
			files = (
				04C287D32101164100BC2A05 /* LaunchScreen.storyboard in Resources */,
				04C287DD21011D4900BC2A05 /* Assets.xcassets in Resources */,
				04C287CE2101163D00BC2A05 /* Main.storyboard in Resources */,
			);
			runOnlyForDeploymentPostprocessing = 0;
		};
/* End PBXResourcesBuildPhase section */

/* Begin PBXSourcesBuildPhase section */
		04C287C12101163C00BC2A05 /* Sources */ = {
			isa = PBXSourcesBuildPhase;
			buildActionMask = 2147483647;
			files = (
				047C6616210133DF00A6C6D1 /* CartViewController.swift in Sources */,
				04C287CB2101163C00BC2A05 /* MenuViewController.swift in Sources */,
				047C663C2104D82D00A6C6D1 /* PizzaFactory.swift in Sources */,
				047C662D2103A3C900A6C6D1 /* Cheese.swift in Sources */,
				047C66202103997400A6C6D1 /* Pizza.swift in Sources */,
				04C287C92101163C00BC2A05 /* AppDelegate.swift in Sources */,
				047C662521039EB800A6C6D1 /* MediumPIzza.swift in Sources */,
				047C663F2104DA0800A6C6D1 /* PizzaType.swift in Sources */,
				047C66332103A91B00A6C6D1 /* Mushrooms.swift in Sources */,
				047C66452104F95600A6C6D1 /* PizzaIngredients.swift in Sources */,
				047C662221039C8100A6C6D1 /* LargePizza.swift in Sources */,
				047C66412104E04E00A6C6D1 /* PizzaBuilder.swift in Sources */,
				047C662B21039FE400A6C6D1 /* PIzzaDecorator.swift in Sources */,
				047C66352103B7BD00A6C6D1 /* PizzaName.swift in Sources */,
				047C662721039F3900A6C6D1 /* SmallPIzza.swift in Sources */,
				047C6614210133C700A6C6D1 /* CustomPizzaViewController.swift in Sources */,
				047C66392103E69600A6C6D1 /* Cart.swift in Sources */,
				047C661A2101347D00A6C6D1 /* CheckoutViewController.swift in Sources */,
				047C66432104E1E300A6C6D1 /* PIzzaSize.swift in Sources */,
				047C66312103A6B800A6C6D1 /* Peppers.swift in Sources */,
				047C66182101347600A6C6D1 /* DetailsViewController.swift in Sources */,
				047C662F2103A65300A6C6D1 /* Ham.swift in Sources */,
			);
			runOnlyForDeploymentPostprocessing = 0;
		};
/* End PBXSourcesBuildPhase section */

/* Begin PBXVariantGroup section */
		04C287CC2101163D00BC2A05 /* Main.storyboard */ = {
			isa = PBXVariantGroup;
			children = (
				04C287CD2101163D00BC2A05 /* Base */,
			);
			name = Main.storyboard;
			sourceTree = "<group>";
		};
		04C287D12101164100BC2A05 /* LaunchScreen.storyboard */ = {
			isa = PBXVariantGroup;
			children = (
				04C287D22101164100BC2A05 /* Base */,
			);
			name = LaunchScreen.storyboard;
			sourceTree = "<group>";
		};
/* End PBXVariantGroup section */

/* Begin XCBuildConfiguration section */
		04C287D52101164100BC2A05 /* Debug */ = {
			isa = XCBuildConfiguration;
			buildSettings = {
				ALWAYS_SEARCH_USER_PATHS = NO;
				CLANG_ANALYZER_NONNULL = YES;
				CLANG_ANALYZER_NUMBER_OBJECT_CONVERSION = YES_AGGRESSIVE;
				CLANG_CXX_LANGUAGE_STANDARD = "gnu++14";
				CLANG_CXX_LIBRARY = "libc++";
				CLANG_ENABLE_MODULES = YES;
				CLANG_ENABLE_OBJC_ARC = YES;
				CLANG_ENABLE_OBJC_WEAK = YES;
				CLANG_WARN_BLOCK_CAPTURE_AUTORELEASING = YES;
				CLANG_WARN_BOOL_CONVERSION = YES;
				CLANG_WARN_COMMA = YES;
				CLANG_WARN_CONSTANT_CONVERSION = YES;
				CLANG_WARN_DEPRECATED_OBJC_IMPLEMENTATIONS = YES;
				CLANG_WARN_DIRECT_OBJC_ISA_USAGE = YES_ERROR;
				CLANG_WARN_DOCUMENTATION_COMMENTS = YES;
				CLANG_WARN_EMPTY_BODY = YES;
				CLANG_WARN_ENUM_CONVERSION = YES;
				CLANG_WARN_INFINITE_RECURSION = YES;
				CLANG_WARN_INT_CONVERSION = YES;
				CLANG_WARN_NON_LITERAL_NULL_CONVERSION = YES;
				CLANG_WARN_OBJC_IMPLICIT_RETAIN_SELF = YES;
				CLANG_WARN_OBJC_LITERAL_CONVERSION = YES;
				CLANG_WARN_OBJC_ROOT_CLASS = YES_ERROR;
				CLANG_WARN_RANGE_LOOP_ANALYSIS = YES;
				CLANG_WARN_STRICT_PROTOTYPES = YES;
				CLANG_WARN_SUSPICIOUS_MOVE = YES;
				CLANG_WARN_UNGUARDED_AVAILABILITY = YES_AGGRESSIVE;
				CLANG_WARN_UNREACHABLE_CODE = YES;
				CLANG_WARN__DUPLICATE_METHOD_MATCH = YES;
				CODE_SIGN_IDENTITY = "iPhone Developer";
				COPY_PHASE_STRIP = NO;
				DEBUG_INFORMATION_FORMAT = dwarf;
				ENABLE_STRICT_OBJC_MSGSEND = YES;
				ENABLE_TESTABILITY = YES;
				GCC_C_LANGUAGE_STANDARD = gnu11;
				GCC_DYNAMIC_NO_PIC = NO;
				GCC_NO_COMMON_BLOCKS = YES;
				GCC_OPTIMIZATION_LEVEL = 0;
				GCC_PREPROCESSOR_DEFINITIONS = (
					"DEBUG=1",
					"$(inherited)",
				);
				GCC_WARN_64_TO_32_BIT_CONVERSION = YES;
				GCC_WARN_ABOUT_RETURN_TYPE = YES_ERROR;
				GCC_WARN_UNDECLARED_SELECTOR = YES;
				GCC_WARN_UNINITIALIZED_AUTOS = YES_AGGRESSIVE;
				GCC_WARN_UNUSED_FUNCTION = YES;
				GCC_WARN_UNUSED_VARIABLE = YES;
				IPHONEOS_DEPLOYMENT_TARGET = 12.0;
				MTL_ENABLE_DEBUG_INFO = INCLUDE_SOURCE;
				MTL_FAST_MATH = YES;
				ONLY_ACTIVE_ARCH = YES;
				SDKROOT = iphoneos;
				SWIFT_ACTIVE_COMPILATION_CONDITIONS = DEBUG;
				SWIFT_OPTIMIZATION_LEVEL = "-Onone";
			};
			name = Debug;
		};
		04C287D62101164100BC2A05 /* Release */ = {
			isa = XCBuildConfiguration;
			buildSettings = {
				ALWAYS_SEARCH_USER_PATHS = NO;
				CLANG_ANALYZER_NONNULL = YES;
				CLANG_ANALYZER_NUMBER_OBJECT_CONVERSION = YES_AGGRESSIVE;
				CLANG_CXX_LANGUAGE_STANDARD = "gnu++14";
				CLANG_CXX_LIBRARY = "libc++";
				CLANG_ENABLE_MODULES = YES;
				CLANG_ENABLE_OBJC_ARC = YES;
				CLANG_ENABLE_OBJC_WEAK = YES;
				CLANG_WARN_BLOCK_CAPTURE_AUTORELEASING = YES;
				CLANG_WARN_BOOL_CONVERSION = YES;
				CLANG_WARN_COMMA = YES;
				CLANG_WARN_CONSTANT_CONVERSION = YES;
				CLANG_WARN_DEPRECATED_OBJC_IMPLEMENTATIONS = YES;
				CLANG_WARN_DIRECT_OBJC_ISA_USAGE = YES_ERROR;
				CLANG_WARN_DOCUMENTATION_COMMENTS = YES;
				CLANG_WARN_EMPTY_BODY = YES;
				CLANG_WARN_ENUM_CONVERSION = YES;
				CLANG_WARN_INFINITE_RECURSION = YES;
				CLANG_WARN_INT_CONVERSION = YES;
				CLANG_WARN_NON_LITERAL_NULL_CONVERSION = YES;
				CLANG_WARN_OBJC_IMPLICIT_RETAIN_SELF = YES;
				CLANG_WARN_OBJC_LITERAL_CONVERSION = YES;
				CLANG_WARN_OBJC_ROOT_CLASS = YES_ERROR;
				CLANG_WARN_RANGE_LOOP_ANALYSIS = YES;
				CLANG_WARN_STRICT_PROTOTYPES = YES;
				CLANG_WARN_SUSPICIOUS_MOVE = YES;
				CLANG_WARN_UNGUARDED_AVAILABILITY = YES_AGGRESSIVE;
				CLANG_WARN_UNREACHABLE_CODE = YES;
				CLANG_WARN__DUPLICATE_METHOD_MATCH = YES;
				CODE_SIGN_IDENTITY = "iPhone Developer";
				COPY_PHASE_STRIP = NO;
				DEBUG_INFORMATION_FORMAT = "dwarf-with-dsym";
				ENABLE_NS_ASSERTIONS = NO;
				ENABLE_STRICT_OBJC_MSGSEND = YES;
				GCC_C_LANGUAGE_STANDARD = gnu11;
				GCC_NO_COMMON_BLOCKS = YES;
				GCC_WARN_64_TO_32_BIT_CONVERSION = YES;
				GCC_WARN_ABOUT_RETURN_TYPE = YES_ERROR;
				GCC_WARN_UNDECLARED_SELECTOR = YES;
				GCC_WARN_UNINITIALIZED_AUTOS = YES_AGGRESSIVE;
				GCC_WARN_UNUSED_FUNCTION = YES;
				GCC_WARN_UNUSED_VARIABLE = YES;
				IPHONEOS_DEPLOYMENT_TARGET = 12.0;
				MTL_ENABLE_DEBUG_INFO = NO;
				MTL_FAST_MATH = YES;
				SDKROOT = iphoneos;
				SWIFT_COMPILATION_MODE = wholemodule;
				SWIFT_OPTIMIZATION_LEVEL = "-O";
				VALIDATE_PRODUCT = YES;
			};
			name = Release;
		};
		04C287D82101164100BC2A05 /* Debug */ = {
			isa = XCBuildConfiguration;
			buildSettings = {
				ASSETCATALOG_COMPILER_APPICON_NAME = AppIcon;
				CODE_SIGN_STYLE = Automatic;
				DEVELOPMENT_TEAM = 9VV46YYJ9Q;
				INFOPLIST_FILE = PizzaDelivery/Info.plist;
				LD_RUNPATH_SEARCH_PATHS = (
					"$(inherited)",
					"@executable_path/Frameworks",
				);
				PRODUCT_BUNDLE_IDENTIFIER = nikolabojkovic.com.example.PizzaDelivery;
				PRODUCT_NAME = "$(TARGET_NAME)";
				SWIFT_VERSION = 4.2;
				TARGETED_DEVICE_FAMILY = "1,2";
			};
			name = Debug;
		};
		04C287D92101164100BC2A05 /* Release */ = {
			isa = XCBuildConfiguration;
			buildSettings = {
				ASSETCATALOG_COMPILER_APPICON_NAME = AppIcon;
				CODE_SIGN_STYLE = Automatic;
				DEVELOPMENT_TEAM = 9VV46YYJ9Q;
				INFOPLIST_FILE = PizzaDelivery/Info.plist;
				LD_RUNPATH_SEARCH_PATHS = (
					"$(inherited)",
					"@executable_path/Frameworks",
				);
				PRODUCT_BUNDLE_IDENTIFIER = nikolabojkovic.com.example.PizzaDelivery;
				PRODUCT_NAME = "$(TARGET_NAME)";
				SWIFT_VERSION = 4.2;
				TARGETED_DEVICE_FAMILY = "1,2";
			};
			name = Release;
		};
/* End XCBuildConfiguration section */

/* Begin XCConfigurationList section */
		04C287C02101163C00BC2A05 /* Build configuration list for PBXProject "PizzaDelivery" */ = {
			isa = XCConfigurationList;
			buildConfigurations = (
				04C287D52101164100BC2A05 /* Debug */,
				04C287D62101164100BC2A05 /* Release */,
			);
			defaultConfigurationIsVisible = 0;
			defaultConfigurationName = Release;
		};
		04C287D72101164100BC2A05 /* Build configuration list for PBXNativeTarget "PizzaDelivery" */ = {
			isa = XCConfigurationList;
			buildConfigurations = (
				04C287D82101164100BC2A05 /* Debug */,
				04C287D92101164100BC2A05 /* Release */,
			);
			defaultConfigurationIsVisible = 0;
			defaultConfigurationName = Release;
		};
/* End XCConfigurationList section */
	};
	rootObject = 04C287BD2101163C00BC2A05 /* Project object */;
}
